Microsoft Visual Studio Solution File, Format Version 12.00
# Visual Studio Version 17
VisualStudioVersion = 17.5.2.0
MinimumVisualStudioVersion = 10.0.40219.1
Project("{FAE04EC0-301F-11D3-BF4B-00C04F79EFBC}") = "JobRecruitmentAPI", "JobRecruitmentAPI\JobRecruitmentAPI.csproj", "{A470966D-8C5B-9E86-902F-03CB917055B3}"
EndProject
Global
	GlobalSection(SolutionConfigurationPlatforms) = preSolution
		Debug|Any CPU = Debug|Any CPU
		Release|Any CPU = Release|Any CPU
	EndGlobalSection
	GlobalSection(ProjectConfigurationPlatforms) = postSolution
		{A470966D-8C5B-9E86-902F-03CB917055B3}.Debug|Any CPU.ActiveCfg = Debug|Any CPU
		{A470966D-8C5B-9E86-902F-03CB917055B3}.Debug|Any CPU.Build.0 = Debug|Any CPU
		{A470966D-8C5B-9E86-902F-03CB917055B3}.Release|Any CPU.ActiveCfg = Release|Any CPU
		{A470966D-8C5B-9E86-902F-03CB917055B3}.Release|Any CPU.Build.0 = Release|Any CPU
	EndGlobalSection
	GlobalSection(SolutionProperties) = preSolution
		HideSolutionNode = FALSE
	EndGlobalSection
	GlobalSection(ExtensibilityGlobals) = postSolution
		SolutionGuid = {33964EBE-1119-4F45-B7D4-53F52321431F}
	EndGlobalSection
EndGlobal
